
Microsoft Visual Studio Solution File, Format Version 12.00
# Visual Studio Version 17
VisualStudioVersion = 17.7.34221.43
MinimumVisualStudioVersion = 10.0.40219.1
Project("{2150E333-8FDC-42A3-9474-1A3956D46DE8}") = "src", "src", "{70706700-2A56-4B67-824A-F44A0AB07547}"
EndProject
Project("{2150E333-8FDC-42A3-9474-1A3956D46DE8}") = "Solution Items", "Solution Items", "{CEFEFD23-D4E5-4423-822F-05163B7005A6}"
	ProjectSection(SolutionItems) = preProject
		ServiceUrls.txt = ServiceUrls.txt
	EndProjectSection
EndProject
Project("{2150E333-8FDC-42A3-9474-1A3956D46DE8}") = "ApiGateways", "ApiGateways", "{7BC1C465-F6EE-4BD8-8B9A-D2CC35266AF6}"
EndProject
Project("{2150E333-8FDC-42A3-9474-1A3956D46DE8}") = "BuildingBlocks", "BuildingBlocks", "{6387CED4-B9F4-461C-8742-E4EB8E794ED1}"
EndProject
Project("{2150E333-8FDC-42A3-9474-1A3956D46DE8}") = "Services", "Services", "{9557A008-4D1F-4D61-8007-B7D144395631}"
EndProject
Project("{2150E333-8FDC-42A3-9474-1A3956D46DE8}") = "Clients", "Clients", "{89C5BDA1-0AD9-4A82-A074-7C78D24515BB}"
EndProject
Project("{2150E333-8FDC-42A3-9474-1A3956D46DE8}") = "WebApiGateway", "WebApiGateway", "{488E0481-B5AB-40E0-9D4E-5BB73308BDAB}"
EndProject
Project("{FAE04EC0-301F-11D3-BF4B-00C04F79EFBC}") = "Web.ApiGateway", "src\ApiGateways\WebApiGateway\Web.ApiGateway\Web.ApiGateway.csproj", "{F41D1EE2-7DB2-4577-A6D6-011F19C68F37}"
EndProject
Project("{2150E333-8FDC-42A3-9474-1A3956D46DE8}") = "EventBus", "EventBus", "{CC42B17F-B383-4835-AE4C-05857586D93E}"
EndProject
Project("{FAE04EC0-301F-11D3-BF4B-00C04F79EFBC}") = "EventBus.Base", "src\BuildingBlocks\EventBus\EventBus.Base\EventBus.Base.csproj", "{0532B3AF-1DDD-4AC5-965E-2A62B28CFAB3}"
EndProject
Project("{FAE04EC0-301F-11D3-BF4B-00C04F79EFBC}") = "EventBus.Factory", "src\BuildingBlocks\EventBus\EventBus.Factory\EventBus.Factory.csproj", "{F72AA9C2-6506-4551-9571-93EE5C038616}"
EndProject
Project("{FAE04EC0-301F-11D3-BF4B-00C04F79EFBC}") = "EventBus.AzureServiceBus", "src\BuildingBlocks\EventBus\EventBus.AzureServiceBus\EventBus.AzureServiceBus.csproj", "{47EBDDC5-1C51-408E-B364-C31A1A2F25F2}"
EndProject
Project("{FAE04EC0-301F-11D3-BF4B-00C04F79EFBC}") = "EventBus.RabbitMQ", "src\BuildingBlocks\EventBus\EventBus.RabbitMQ\EventBus.RabbitMQ.csproj", "{9EC609B6-3830-4118-94D4-AAC094830F2D}"
EndProject
Project("{2150E333-8FDC-42A3-9474-1A3956D46DE8}") = "BlazorWebApp", "BlazorWebApp", "{DF8B993E-1003-4B14-A663-F3A0D730CD8C}"
EndProject
Project("{FAE04EC0-301F-11D3-BF4B-00C04F79EFBC}") = "WebApp", "src\Clinets\BlazorWebApp\WebApp\WebApp.csproj", "{CBB4D293-44F6-4360-B95C-FFD51050B67D}"
EndProject
Project("{2150E333-8FDC-42A3-9474-1A3956D46DE8}") = "BasketService", "BasketService", "{C23E17F3-292B-4460-BE8A-EBB5047D52D0}"
EndProject
Project("{FAE04EC0-301F-11D3-BF4B-00C04F79EFBC}") = "BasketService.Api", "src\Services\BasketService\BasketService.Api\BasketService.Api.csproj", "{A5C04C7B-C46E-46CF-BB23-FC0FC9C2FC61}"
EndProject
Project("{2150E333-8FDC-42A3-9474-1A3956D46DE8}") = "CatalogService", "CatalogService", "{2EF60FAC-3026-48FB-88DC-D0D84929DB77}"
EndProject
Project("{FAE04EC0-301F-11D3-BF4B-00C04F79EFBC}") = "CatalogService.Api", "src\Services\CatalogService\CatalogService.Api\CatalogService.Api.csproj", "{00D61926-9A6B-4A7B-A448-940D405DF39A}"
EndProject
Project("{2150E333-8FDC-42A3-9474-1A3956D46DE8}") = "IdentityService", "IdentityService", "{FB73F62F-89FE-4431-A6DF-9791852EB294}"
EndProject
Project("{FAE04EC0-301F-11D3-BF4B-00C04F79EFBC}") = "IdentityService.Api", "src\Services\IdentityService\IdentityService.Api\IdentityService.Api.csproj", "{EE8A4223-69A7-473E-B577-B7B3A846E8A6}"
EndProject
Project("{2150E333-8FDC-42A3-9474-1A3956D46DE8}") = "NotificationService", "NotificationService", "{6812D175-C2B3-4D26-8332-BDFADE0866D7}"
EndProject
Project("{FAE04EC0-301F-11D3-BF4B-00C04F79EFBC}") = "NotificationService", "src\Services\NotificationService\NotificationService\NotificationService.csproj", "{C79D9E8C-BE1A-42FF-B96D-C983C8902C97}"
EndProject
Project("{2150E333-8FDC-42A3-9474-1A3956D46DE8}") = "OrderService", "OrderService", "{9CC8F73A-B479-4FC9-9B70-E9EEE7180E24}"
EndProject
Project("{FAE04EC0-301F-11D3-BF4B-00C04F79EFBC}") = "OrderService.Domain", "src\Services\OrderService\OrderService.Domain\OrderService.Domain.csproj", "{D9729734-23E4-491A-8996-AFE27E7442C3}"
EndProject
Project("{FAE04EC0-301F-11D3-BF4B-00C04F79EFBC}") = "OrderService.Application", "src\Services\OrderService\OrderService.Application\OrderService.Application.csproj", "{C628E956-A84E-49C3-B047-4BA6E3974EE1}"
EndProject
Project("{FAE04EC0-301F-11D3-BF4B-00C04F79EFBC}") = "OrderService.Infrastructure", "OrderService.Infrastructure\OrderService.Infrastructure.csproj", "{B0477402-7921-467D-850C-D9324193FA4F}"
EndProject
Project("{FAE04EC0-301F-11D3-BF4B-00C04F79EFBC}") = "OrderService.Api", "src\Services\OrderService\OrderService.Api\OrderService.Api.csproj", "{DF07607E-8B86-4B6E-BC5F-1D8CA2D5614E}"
EndProject
Project("{2150E333-8FDC-42A3-9474-1A3956D46DE8}") = "PaymentService", "PaymentService", "{40A82A14-EF35-4A90-BF7F-365B662C2F06}"
EndProject
Project("{FAE04EC0-301F-11D3-BF4B-00C04F79EFBC}") = "PaymentService.Api", "src\Services\PaymentService\PaymentService.Api\PaymentService.Api.csproj", "{213C231C-863C-4310-867F-FF7C23452F28}"
EndProject
Global
	GlobalSection(SolutionConfigurationPlatforms) = preSolution
		Debug|Any CPU = Debug|Any CPU
		Release|Any CPU = Release|Any CPU
	EndGlobalSection
	GlobalSection(ProjectConfigurationPlatforms) = postSolution
		{F41D1EE2-7DB2-4577-A6D6-011F19C68F37}.Debug|Any CPU.ActiveCfg = Debug|Any CPU
		{F41D1EE2-7DB2-4577-A6D6-011F19C68F37}.Debug|Any CPU.Build.0 = Debug|Any CPU
		{F41D1EE2-7DB2-4577-A6D6-011F19C68F37}.Release|Any CPU.ActiveCfg = Release|Any CPU
		{F41D1EE2-7DB2-4577-A6D6-011F19C68F37}.Release|Any CPU.Build.0 = Release|Any CPU
		{0532B3AF-1DDD-4AC5-965E-2A62B28CFAB3}.Debug|Any CPU.ActiveCfg = Debug|Any CPU
		{0532B3AF-1DDD-4AC5-965E-2A62B28CFAB3}.Debug|Any CPU.Build.0 = Debug|Any CPU
		{0532B3AF-1DDD-4AC5-965E-2A62B28CFAB3}.Release|Any CPU.ActiveCfg = Release|Any CPU
		{0532B3AF-1DDD-4AC5-965E-2A62B28CFAB3}.Release|Any CPU.Build.0 = Release|Any CPU
		{F72AA9C2-6506-4551-9571-93EE5C038616}.Debug|Any CPU.ActiveCfg = Debug|Any CPU
		{F72AA9C2-6506-4551-9571-93EE5C038616}.Debug|Any CPU.Build.0 = Debug|Any CPU
		{F72AA9C2-6506-4551-9571-93EE5C038616}.Release|Any CPU.ActiveCfg = Release|Any CPU
		{F72AA9C2-6506-4551-9571-93EE5C038616}.Release|Any CPU.Build.0 = Release|Any CPU
		{47EBDDC5-1C51-408E-B364-C31A1A2F25F2}.Debug|Any CPU.ActiveCfg = Debug|Any CPU
		{47EBDDC5-1C51-408E-B364-C31A1A2F25F2}.Debug|Any CPU.Build.0 = Debug|Any CPU
		{47EBDDC5-1C51-408E-B364-C31A1A2F25F2}.Release|Any CPU.ActiveCfg = Release|Any CPU
		{47EBDDC5-1C51-408E-B364-C31A1A2F25F2}.Release|Any CPU.Build.0 = Release|Any CPU
		{9EC609B6-3830-4118-94D4-AAC094830F2D}.Debug|Any CPU.ActiveCfg = Debug|Any CPU
		{9EC609B6-3830-4118-94D4-AAC094830F2D}.Debug|Any CPU.Build.0 = Debug|Any CPU
		{9EC609B6-3830-4118-94D4-AAC094830F2D}.Release|Any CPU.ActiveCfg = Release|Any CPU
		{9EC609B6-3830-4118-94D4-AAC094830F2D}.Release|Any CPU.Build.0 = Release|Any CPU
		{CBB4D293-44F6-4360-B95C-FFD51050B67D}.Debug|Any CPU.ActiveCfg = Debug|Any CPU
		{CBB4D293-44F6-4360-B95C-FFD51050B67D}.Debug|Any CPU.Build.0 = Debug|Any CPU
		{CBB4D293-44F6-4360-B95C-FFD51050B67D}.Release|Any CPU.ActiveCfg = Release|Any CPU
		{CBB4D293-44F6-4360-B95C-FFD51050B67D}.Release|Any CPU.Build.0 = Release|Any CPU
		{A5C04C7B-C46E-46CF-BB23-FC0FC9C2FC61}.Debug|Any CPU.ActiveCfg = Debug|Any CPU
		{A5C04C7B-C46E-46CF-BB23-FC0FC9C2FC61}.Debug|Any CPU.Build.0 = Debug|Any CPU
		{A5C04C7B-C46E-46CF-BB23-FC0FC9C2FC61}.Release|Any CPU.ActiveCfg = Release|Any CPU
		{A5C04C7B-C46E-46CF-BB23-FC0FC9C2FC61}.Release|Any CPU.Build.0 = Release|Any CPU
		{00D61926-9A6B-4A7B-A448-940D405DF39A}.Debug|Any CPU.ActiveCfg = Debug|Any CPU
		{00D61926-9A6B-4A7B-A448-940D405DF39A}.Debug|Any CPU.Build.0 = Debug|Any CPU
		{00D61926-9A6B-4A7B-A448-940D405DF39A}.Release|Any CPU.ActiveCfg = Release|Any CPU
		{00D61926-9A6B-4A7B-A448-940D405DF39A}.Release|Any CPU.Build.0 = Release|Any CPU
		{EE8A4223-69A7-473E-B577-B7B3A846E8A6}.Debug|Any CPU.ActiveCfg = Debug|Any CPU
		{EE8A4223-69A7-473E-B577-B7B3A846E8A6}.Debug|Any CPU.Build.0 = Debug|Any CPU
		{EE8A4223-69A7-473E-B577-B7B3A846E8A6}.Release|Any CPU.ActiveCfg = Release|Any CPU
		{EE8A4223-69A7-473E-B577-B7B3A846E8A6}.Release|Any CPU.Build.0 = Release|Any CPU
		{C79D9E8C-BE1A-42FF-B96D-C983C8902C97}.Debug|Any CPU.ActiveCfg = Debug|Any CPU
		{C79D9E8C-BE1A-42FF-B96D-C983C8902C97}.Debug|Any CPU.Build.0 = Debug|Any CPU
		{C79D9E8C-BE1A-42FF-B96D-C983C8902C97}.Release|Any CPU.ActiveCfg = Release|Any CPU
		{C79D9E8C-BE1A-42FF-B96D-C983C8902C97}.Release|Any CPU.Build.0 = Release|Any CPU
		{D9729734-23E4-491A-8996-AFE27E7442C3}.Debug|Any CPU.ActiveCfg = Debug|Any CPU
		{D9729734-23E4-491A-8996-AFE27E7442C3}.Debug|Any CPU.Build.0 = Debug|Any CPU
		{D9729734-23E4-491A-8996-AFE27E7442C3}.Release|Any CPU.ActiveCfg = Release|Any CPU
		{D9729734-23E4-491A-8996-AFE27E7442C3}.Release|Any CPU.Build.0 = Release|Any CPU
		{C628E956-A84E-49C3-B047-4BA6E3974EE1}.Debug|Any CPU.ActiveCfg = Debug|Any CPU
		{C628E956-A84E-49C3-B047-4BA6E3974EE1}.Debug|Any CPU.Build.0 = Debug|Any CPU
		{C628E956-A84E-49C3-B047-4BA6E3974EE1}.Release|Any CPU.ActiveCfg = Release|Any CPU
		{C628E956-A84E-49C3-B047-4BA6E3974EE1}.Release|Any CPU.Build.0 = Release|Any CPU
		{B0477402-7921-467D-850C-D9324193FA4F}.Debug|Any CPU.ActiveCfg = Debug|Any CPU
		{B0477402-7921-467D-850C-D9324193FA4F}.Debug|Any CPU.Build.0 = Debug|Any CPU
		{B0477402-7921-467D-850C-D9324193FA4F}.Release|Any CPU.ActiveCfg = Release|Any CPU
		{B0477402-7921-467D-850C-D9324193FA4F}.Release|Any CPU.Build.0 = Release|Any CPU
		{DF07607E-8B86-4B6E-BC5F-1D8CA2D5614E}.Debug|Any CPU.ActiveCfg = Debug|Any CPU
		{DF07607E-8B86-4B6E-BC5F-1D8CA2D5614E}.Debug|Any CPU.Build.0 = Debug|Any CPU
		{DF07607E-8B86-4B6E-BC5F-1D8CA2D5614E}.Release|Any CPU.ActiveCfg = Release|Any CPU
		{DF07607E-8B86-4B6E-BC5F-1D8CA2D5614E}.Release|Any CPU.Build.0 = Release|Any CPU
		{213C231C-863C-4310-867F-FF7C23452F28}.Debug|Any CPU.ActiveCfg = Debug|Any CPU
		{213C231C-863C-4310-867F-FF7C23452F28}.Debug|Any CPU.Build.0 = Debug|Any CPU
		{213C231C-863C-4310-867F-FF7C23452F28}.Release|Any CPU.ActiveCfg = Release|Any CPU
		{213C231C-863C-4310-867F-FF7C23452F28}.Release|Any CPU.Build.0 = Release|Any CPU
	EndGlobalSection
	GlobalSection(SolutionProperties) = preSolution
		HideSolutionNode = FALSE
	EndGlobalSection
	GlobalSection(NestedProjects) = preSolution
		{7BC1C465-F6EE-4BD8-8B9A-D2CC35266AF6} = {70706700-2A56-4B67-824A-F44A0AB07547}
		{6387CED4-B9F4-461C-8742-E4EB8E794ED1} = {70706700-2A56-4B67-824A-F44A0AB07547}
		{9557A008-4D1F-4D61-8007-B7D144395631} = {70706700-2A56-4B67-824A-F44A0AB07547}
		{89C5BDA1-0AD9-4A82-A074-7C78D24515BB} = {70706700-2A56-4B67-824A-F44A0AB07547}
		{488E0481-B5AB-40E0-9D4E-5BB73308BDAB} = {7BC1C465-F6EE-4BD8-8B9A-D2CC35266AF6}
		{F41D1EE2-7DB2-4577-A6D6-011F19C68F37} = {488E0481-B5AB-40E0-9D4E-5BB73308BDAB}
		{CC42B17F-B383-4835-AE4C-05857586D93E} = {6387CED4-B9F4-461C-8742-E4EB8E794ED1}
		{0532B3AF-1DDD-4AC5-965E-2A62B28CFAB3} = {CC42B17F-B383-4835-AE4C-05857586D93E}
		{F72AA9C2-6506-4551-9571-93EE5C038616} = {CC42B17F-B383-4835-AE4C-05857586D93E}
		{47EBDDC5-1C51-408E-B364-C31A1A2F25F2} = {CC42B17F-B383-4835-AE4C-05857586D93E}
		{9EC609B6-3830-4118-94D4-AAC094830F2D} = {CC42B17F-B383-4835-AE4C-05857586D93E}
		{DF8B993E-1003-4B14-A663-F3A0D730CD8C} = {89C5BDA1-0AD9-4A82-A074-7C78D24515BB}
		{CBB4D293-44F6-4360-B95C-FFD51050B67D} = {DF8B993E-1003-4B14-A663-F3A0D730CD8C}
		{C23E17F3-292B-4460-BE8A-EBB5047D52D0} = {9557A008-4D1F-4D61-8007-B7D144395631}
		{A5C04C7B-C46E-46CF-BB23-FC0FC9C2FC61} = {C23E17F3-292B-4460-BE8A-EBB5047D52D0}
		{2EF60FAC-3026-48FB-88DC-D0D84929DB77} = {9557A008-4D1F-4D61-8007-B7D144395631}
		{00D61926-9A6B-4A7B-A448-940D405DF39A} = {2EF60FAC-3026-48FB-88DC-D0D84929DB77}
		{FB73F62F-89FE-4431-A6DF-9791852EB294} = {9557A008-4D1F-4D61-8007-B7D144395631}
		{EE8A4223-69A7-473E-B577-B7B3A846E8A6} = {FB73F62F-89FE-4431-A6DF-9791852EB294}
		{6812D175-C2B3-4D26-8332-BDFADE0866D7} = {9557A008-4D1F-4D61-8007-B7D144395631}
		{C79D9E8C-BE1A-42FF-B96D-C983C8902C97} = {6812D175-C2B3-4D26-8332-BDFADE0866D7}
		{9CC8F73A-B479-4FC9-9B70-E9EEE7180E24} = {9557A008-4D1F-4D61-8007-B7D144395631}
		{D9729734-23E4-491A-8996-AFE27E7442C3} = {9CC8F73A-B479-4FC9-9B70-E9EEE7180E24}
		{C628E956-A84E-49C3-B047-4BA6E3974EE1} = {9CC8F73A-B479-4FC9-9B70-E9EEE7180E24}
		{B0477402-7921-467D-850C-D9324193FA4F} = {9CC8F73A-B479-4FC9-9B70-E9EEE7180E24}
		{DF07607E-8B86-4B6E-BC5F-1D8CA2D5614E} = {9CC8F73A-B479-4FC9-9B70-E9EEE7180E24}
		{40A82A14-EF35-4A90-BF7F-365B662C2F06} = {9557A008-4D1F-4D61-8007-B7D144395631}
		{213C231C-863C-4310-867F-FF7C23452F28} = {40A82A14-EF35-4A90-BF7F-365B662C2F06}
	EndGlobalSection
	GlobalSection(ExtensibilityGlobals) = postSolution
		SolutionGuid = {CE3614E7-BB17-4430-A82B-720CEDE92205}
	EndGlobalSection
EndGlobal
